// !$*UTF8*$!
{
	archiveVersion = 1;
	classes = {
	};
	objectVersion = 56;
	objects = {

/* Begin PBXBuildFile section */
		1833C10B2934F3BB00207CE5 /* AppDelegate.swift in Sources */ = {isa = PBXBuildFile; fileRef = 1833C10A2934F3BB00207CE5 /* AppDelegate.swift */; };
		1833C10D2934F3BB00207CE5 /* SceneDelegate.swift in Sources */ = {isa = PBXBuildFile; fileRef = 1833C10C2934F3BB00207CE5 /* SceneDelegate.swift */; };
		1833C10F2934F3BB00207CE5 /* ViewController.swift in Sources */ = {isa = PBXBuildFile; fileRef = 1833C10E2934F3BB00207CE5 /* ViewController.swift */; };
		1833C1122934F3BB00207CE5 /* Main.storyboard in Resources */ = {isa = PBXBuildFile; fileRef = 1833C1102934F3BB00207CE5 /* Main.storyboard */; };
		1833C1142934F3BC00207CE5 /* Assets.xcassets in Resources */ = {isa = PBXBuildFile; fileRef = 1833C1132934F3BC00207CE5 /* Assets.xcassets */; };
		1833C1172934F3BC00207CE5 /* LaunchScreen.storyboard in Resources */ = {isa = PBXBuildFile; fileRef = 1833C1152934F3BC00207CE5 /* LaunchScreen.storyboard */; };
		1833C1222934F3BC00207CE5 /* BayrakQuizAppTests.swift in Sources */ = {isa = PBXBuildFile; fileRef = 1833C1212934F3BC00207CE5 /* BayrakQuizAppTests.swift */; };
		1833C12C2934F3BC00207CE5 /* BayrakQuizAppUITests.swift in Sources */ = {isa = PBXBuildFile; fileRef = 1833C12B2934F3BC00207CE5 /* BayrakQuizAppUITests.swift */; };
		1833C12E2934F3BC00207CE5 /* BayrakQuizAppUITestsLaunchTests.swift in Sources */ = {isa = PBXBuildFile; fileRef = 1833C12D2934F3BC00207CE5 /* BayrakQuizAppUITestsLaunchTests.swift */; };
		1833C13B2934F71300207CE5 /* QuizViewController.swift in Sources */ = {isa = PBXBuildFile; fileRef = 1833C13A2934F71300207CE5 /* QuizViewController.swift */; };
		1833C13D2934F72500207CE5 /* SonucViewController.swift in Sources */ = {isa = PBXBuildFile; fileRef = 1833C13C2934F72500207CE5 /* SonucViewController.swift */; };
		1833C14C2935055A00207CE5 /* FMDatabasePool.m in Sources */ = {isa = PBXBuildFile; fileRef = 1833C1432935055900207CE5 /* FMDatabasePool.m */; };
		1833C14D2935055A00207CE5 /* FMDatabaseAdditions.m in Sources */ = {isa = PBXBuildFile; fileRef = 1833C1442935055900207CE5 /* FMDatabaseAdditions.m */; };
		1833C14E2935055A00207CE5 /* FMDatabaseQueue.m in Sources */ = {isa = PBXBuildFile; fileRef = 1833C1462935055900207CE5 /* FMDatabaseQueue.m */; };
		1833C14F2935055A00207CE5 /* FMResultSet.m in Sources */ = {isa = PBXBuildFile; fileRef = 1833C1482935055A00207CE5 /* FMResultSet.m */; };
		1833C1502935055A00207CE5 /* FMDatabase.m in Sources */ = {isa = PBXBuildFile; fileRef = 1833C14A2935055A00207CE5 /* FMDatabase.m */; };
		1833C1542935064600207CE5 /* Bayrak.swift in Sources */ = {isa = PBXBuildFile; fileRef = 1833C1532935064600207CE5 /* Bayrak.swift */; };
		1833C1562935073000207CE5 /* Bayrakdao.swift in Sources */ = {isa = PBXBuildFile; fileRef = 1833C1552935073000207CE5 /* Bayrakdao.swift */; };
		1833C15829351EC400207CE5 /* bayrakquiz.sqlite in Resources */ = {isa = PBXBuildFile; fileRef = 1833C15729351EC400207CE5 /* bayrakquiz.sqlite */; };
/* End PBXBuildFile section */

/* Begin PBXContainerItemProxy section */
		1833C11E2934F3BC00207CE5 /* PBXContainerItemProxy */ = {
			isa = PBXContainerItemProxy;
			containerPortal = 1833C0FF2934F3BB00207CE5 /* Project object */;
			proxyType = 1;
			remoteGlobalIDString = 1833C1062934F3BB00207CE5;
			remoteInfo = BayrakQuizApp;
		};
		1833C1282934F3BC00207CE5 /* PBXContainerItemProxy */ = {
			isa = PBXContainerItemProxy;
			containerPortal = 1833C0FF2934F3BB00207CE5 /* Project object */;
			proxyType = 1;
			remoteGlobalIDString = 1833C1062934F3BB00207CE5;
			remoteInfo = BayrakQuizApp;
		};
/* End PBXContainerItemProxy section */

/* Begin PBXFileReference section */
		1833C1072934F3BB00207CE5 /* BayrakQuizApp.app */ = {isa = PBXFileReference; explicitFileType = wrapper.application; includeInIndex = 0; path = BayrakQuizApp.app; sourceTree = BUILT_PRODUCTS_DIR; };
		1833C10A2934F3BB00207CE5 /* AppDelegate.swift */ = {isa = PBXFileReference; lastKnownFileType = sourcecode.swift; path = AppDelegate.swift; sourceTree = "<group>"; };
		1833C10C2934F3BB00207CE5 /* SceneDelegate.swift */ = {isa = PBXFileReference; lastKnownFileType = sourcecode.swift; path = SceneDelegate.swift; sourceTree = "<group>"; };
		1833C10E2934F3BB00207CE5 /* ViewController.swift */ = {isa = PBXFileReference; lastKnownFileType = sourcecode.swift; path = ViewController.swift; sourceTree = "<group>"; };
		1833C1112934F3BB00207CE5 /* Base */ = {isa = PBXFileReference; lastKnownFileType = file.storyboard; name = Base; path = Base.lproj/Main.storyboard; sourceTree = "<group>"; };
		1833C1132934F3BC00207CE5 /* Assets.xcassets */ = {isa = PBXFileReference; lastKnownFileType = folder.assetcatalog; path = Assets.xcassets; sourceTree = "<group>"; };
		1833C1162934F3BC00207CE5 /* Base */ = {isa = PBXFileReference; lastKnownFileType = file.storyboard; name = Base; path = Base.lproj/LaunchScreen.storyboard; sourceTree = "<group>"; };
		1833C1182934F3BC00207CE5 /* Info.plist */ = {isa = PBXFileReference; lastKnownFileType = text.plist.xml; path = Info.plist; sourceTree = "<group>"; };
		1833C11D2934F3BC00207CE5 /* BayrakQuizAppTests.xctest */ = {isa = PBXFileReference; explicitFileType = wrapper.cfbundle; includeInIndex = 0; path = BayrakQuizAppTests.xctest; sourceTree = BUILT_PRODUCTS_DIR; };
		1833C1212934F3BC00207CE5 /* BayrakQuizAppTests.swift */ = {isa = PBXFileReference; lastKnownFileType = sourcecode.swift; path = BayrakQuizAppTests.swift; sourceTree = "<group>"; };
		1833C1272934F3BC00207CE5 /* BayrakQuizAppUITests.xctest */ = {isa = PBXFileReference; explicitFileType = wrapper.cfbundle; includeInIndex = 0; path = BayrakQuizAppUITests.xctest; sourceTree = BUILT_PRODUCTS_DIR; };
		1833C12B2934F3BC00207CE5 /* BayrakQuizAppUITests.swift */ = {isa = PBXFileReference; lastKnownFileType = sourcecode.swift; path = BayrakQuizAppUITests.swift; sourceTree = "<group>"; };
		1833C12D2934F3BC00207CE5 /* BayrakQuizAppUITestsLaunchTests.swift */ = {isa = PBXFileReference; lastKnownFileType = sourcecode.swift; path = BayrakQuizAppUITestsLaunchTests.swift; sourceTree = "<group>"; };
		1833C13A2934F71300207CE5 /* QuizViewController.swift */ = {isa = PBXFileReference; lastKnownFileType = sourcecode.swift; path = QuizViewController.swift; sourceTree = "<group>"; };
		1833C13C2934F72500207CE5 /* SonucViewController.swift */ = {isa = PBXFileReference; lastKnownFileType = sourcecode.swift; path = SonucViewController.swift; sourceTree = "<group>"; };
		1833C13F293504E400207CE5 /* libsqlite3.tbd */ = {isa = PBXFileReference; lastKnownFileType = "sourcecode.text-based-dylib-definition"; name = libsqlite3.tbd; path = usr/lib/libsqlite3.tbd; sourceTree = SDKROOT; };
		1833C1402935055800207CE5 /* BayrakQuizApp-Bridging-Header.h */ = {isa = PBXFileReference; lastKnownFileType = sourcecode.c.h; path = "BayrakQuizApp-Bridging-Header.h"; sourceTree = "<group>"; };
		1833C1412935055900207CE5 /* FMDatabase.h */ = {isa = PBXFileReference; fileEncoding = 4; lastKnownFileType = sourcecode.c.h; path = FMDatabase.h; sourceTree = "<group>"; };
		1833C1422935055900207CE5 /* FMDB.h */ = {isa = PBXFileReference; fileEncoding = 4; lastKnownFileType = sourcecode.c.h; path = FMDB.h; sourceTree = "<group>"; };
		1833C1432935055900207CE5 /* FMDatabasePool.m */ = {isa = PBXFileReference; fileEncoding = 4; lastKnownFileType = sourcecode.c.objc; path = FMDatabasePool.m; sourceTree = "<group>"; };
		1833C1442935055900207CE5 /* FMDatabaseAdditions.m */ = {isa = PBXFileReference; fileEncoding = 4; lastKnownFileType = sourcecode.c.objc; path = FMDatabaseAdditions.m; sourceTree = "<group>"; };
		1833C1452935055900207CE5 /* FMDatabasePool.h */ = {isa = PBXFileReference; fileEncoding = 4; lastKnownFileType = sourcecode.c.h; path = FMDatabasePool.h; sourceTree = "<group>"; };
		1833C1462935055900207CE5 /* FMDatabaseQueue.m */ = {isa = PBXFileReference; fileEncoding = 4; lastKnownFileType = sourcecode.c.objc; path = FMDatabaseQueue.m; sourceTree = "<group>"; };
		1833C1472935055A00207CE5 /* FMResultSet.h */ = {isa = PBXFileReference; fileEncoding = 4; lastKnownFileType = sourcecode.c.h; path = FMResultSet.h; sourceTree = "<group>"; };
		1833C1482935055A00207CE5 /* FMResultSet.m */ = {isa = PBXFileReference; fileEncoding = 4; lastKnownFileType = sourcecode.c.objc; path = FMResultSet.m; sourceTree = "<group>"; };
		1833C1492935055A00207CE5 /* FMDatabaseAdditions.h */ = {isa = PBXFileReference; fileEncoding = 4; lastKnownFileType = sourcecode.c.h; path = FMDatabaseAdditions.h; sourceTree = "<group>"; };
		1833C14A2935055A00207CE5 /* FMDatabase.m */ = {isa = PBXFileReference; fileEncoding = 4; lastKnownFileType = sourcecode.c.objc; path = FMDatabase.m; sourceTree = "<group>"; };
		1833C14B2935055A00207CE5 /* FMDatabaseQueue.h */ = {isa = PBXFileReference; fileEncoding = 4; lastKnownFileType = sourcecode.c.h; path = FMDatabaseQueue.h; sourceTree = "<group>"; };
		1833C1532935064600207CE5 /* Bayrak.swift */ = {isa = PBXFileReference; lastKnownFileType = sourcecode.swift; path = Bayrak.swift; sourceTree = "<group>"; };
		1833C1552935073000207CE5 /* Bayrakdao.swift */ = {isa = PBXFileReference; lastKnownFileType = sourcecode.swift; path = Bayrakdao.swift; sourceTree = "<group>"; };
		1833C15729351EC400207CE5 /* bayrakquiz.sqlite */ = {isa = PBXFileReference; lastKnownFileType = file; name = bayrakquiz.sqlite; path = "../../../Bayrak Uygulaması - Sqlite Veritabanı/bayrakquiz.sqlite"; sourceTree = "<group>"; };
/* End PBXFileReference section */

/* Begin PBXFrameworksBuildPhase section */
		1833C1042934F3BB00207CE5 /* Frameworks */ = {
			isa = PBXFrameworksBuildPhase;
			buildActionMask = 2147483647;
			files = (
			);
			runOnlyForDeploymentPostprocessing = 0;
		};
		1833C11A2934F3BC00207CE5 /* Frameworks */ = {
			isa = PBXFrameworksBuildPhase;
			buildActionMask = 2147483647;
			files = (
			);
			runOnlyForDeploymentPostprocessing = 0;
		};
		1833C1242934F3BC00207CE5 /* Frameworks */ = {
			isa = PBXFrameworksBuildPhase;
			buildActionMask = 2147483647;
			files = (
			);
			runOnlyForDeploymentPostprocessing = 0;
		};
/* End PBXFrameworksBuildPhase section */

/* Begin PBXGroup section */
		1833C0FE2934F3BB00207CE5 = {
			isa = PBXGroup;
			children = (
				1833C1092934F3BB00207CE5 /* BayrakQuizApp */,
				1833C1202934F3BC00207CE5 /* BayrakQuizAppTests */,
				1833C12A2934F3BC00207CE5 /* BayrakQuizAppUITests */,
				1833C1082934F3BB00207CE5 /* Products */,
				1833C13E293504E400207CE5 /* Frameworks */,
			);
			sourceTree = "<group>";
		};
		1833C1082934F3BB00207CE5 /* Products */ = {
			isa = PBXGroup;
			children = (
				1833C1072934F3BB00207CE5 /* BayrakQuizApp.app */,
				1833C11D2934F3BC00207CE5 /* BayrakQuizAppTests.xctest */,
				1833C1272934F3BC00207CE5 /* BayrakQuizAppUITests.xctest */,
			);
			name = Products;
			sourceTree = "<group>";
		};
		1833C1092934F3BB00207CE5 /* BayrakQuizApp */ = {
			isa = PBXGroup;
			children = (
				1833C15729351EC400207CE5 /* bayrakquiz.sqlite */,
				1833C10A2934F3BB00207CE5 /* AppDelegate.swift */,
				1833C10C2934F3BB00207CE5 /* SceneDelegate.swift */,
				1833C10E2934F3BB00207CE5 /* ViewController.swift */,
				1833C1102934F3BB00207CE5 /* Main.storyboard */,
				1833C1132934F3BC00207CE5 /* Assets.xcassets */,
				1833C1152934F3BC00207CE5 /* LaunchScreen.storyboard */,
				1833C1182934F3BC00207CE5 /* Info.plist */,
				1833C13A2934F71300207CE5 /* QuizViewController.swift */,
				1833C13C2934F72500207CE5 /* SonucViewController.swift */,
				1833C1412935055900207CE5 /* FMDatabase.h */,
				1833C14A2935055A00207CE5 /* FMDatabase.m */,
				1833C1492935055A00207CE5 /* FMDatabaseAdditions.h */,
				1833C1442935055900207CE5 /* FMDatabaseAdditions.m */,
				1833C1452935055900207CE5 /* FMDatabasePool.h */,
				1833C1432935055900207CE5 /* FMDatabasePool.m */,
				1833C14B2935055A00207CE5 /* FMDatabaseQueue.h */,
				1833C1462935055900207CE5 /* FMDatabaseQueue.m */,
				1833C1422935055900207CE5 /* FMDB.h */,
				1833C1472935055A00207CE5 /* FMResultSet.h */,
				1833C1482935055A00207CE5 /* FMResultSet.m */,
				1833C1402935055800207CE5 /* BayrakQuizApp-Bridging-Header.h */,
				1833C1532935064600207CE5 /* Bayrak.swift */,
				1833C1552935073000207CE5 /* Bayrakdao.swift */,
			);
			path = BayrakQuizApp;
			sourceTree = "<group>";
		};
		1833C1202934F3BC00207CE5 /* BayrakQuizAppTests */ = {
			isa = PBXGroup;
			children = (
				1833C1212934F3BC00207CE5 /* BayrakQuizAppTests.swift */,
			);
			path = BayrakQuizAppTests;
			sourceTree = "<group>";
		};
		1833C12A2934F3BC00207CE5 /* BayrakQuizAppUITests */ = {
			isa = PBXGroup;
			children = (
				1833C12B2934F3BC00207CE5 /* BayrakQuizAppUITests.swift */,
				1833C12D2934F3BC00207CE5 /* BayrakQuizAppUITestsLaunchTests.swift */,
			);
			path = BayrakQuizAppUITests;
			sourceTree = "<group>";
		};
		1833C13E293504E400207CE5 /* Frameworks */ = {
			isa = PBXGroup;
			children = (
				1833C13F293504E400207CE5 /* libsqlite3.tbd */,
			);
			name = Frameworks;
			sourceTree = "<group>";
		};
/* End PBXGroup section */

/* Begin PBXNativeTarget section */
		1833C1062934F3BB00207CE5 /* BayrakQuizApp */ = {
			isa = PBXNativeTarget;
			buildConfigurationList = 1833C1312934F3BC00207CE5 /* Build configuration list for PBXNativeTarget "BayrakQuizApp" */;
			buildPhases = (
				1833C1032934F3BB00207CE5 /* Sources */,
				1833C1042934F3BB00207CE5 /* Frameworks */,
				1833C1052934F3BB00207CE5 /* Resources */,
			);
			buildRules = (
			);
			dependencies = (
			);
			name = BayrakQuizApp;
			productName = BayrakQuizApp;
			productReference = 1833C1072934F3BB00207CE5 /* BayrakQuizApp.app */;
			productType = "com.apple.product-type.application";
		};
		1833C11C2934F3BC00207CE5 /* BayrakQuizAppTests */ = {
			isa = PBXNativeTarget;
			buildConfigurationList = 1833C1342934F3BC00207CE5 /* Build configuration list for PBXNativeTarget "BayrakQuizAppTests" */;
			buildPhases = (
				1833C1192934F3BC00207CE5 /* Sources */,
				1833C11A2934F3BC00207CE5 /* Frameworks */,
				1833C11B2934F3BC00207CE5 /* Resources */,
			);
			buildRules = (
			);
			dependencies = (
				1833C11F2934F3BC00207CE5 /* PBXTargetDependency */,
			);
			name = BayrakQuizAppTests;
			productName = BayrakQuizAppTests;
			productReference = 1833C11D2934F3BC00207CE5 /* BayrakQuizAppTests.xctest */;
			productType = "com.apple.product-type.bundle.unit-test";
		};
		1833C1262934F3BC00207CE5 /* BayrakQuizAppUITests */ = {
			isa = PBXNativeTarget;
			buildConfigurationList = 1833C1372934F3BC00207CE5 /* Build configuration list for PBXNativeTarget "BayrakQuizAppUITests" */;
			buildPhases = (
				1833C1232934F3BC00207CE5 /* Sources */,
				1833C1242934F3BC00207CE5 /* Frameworks */,
				1833C1252934F3BC00207CE5 /* Resources */,
			);
			buildRules = (
			);
			dependencies = (
				1833C1292934F3BC00207CE5 /* PBXTargetDependency */,
			);
			name = BayrakQuizAppUITests;
			productName = BayrakQuizAppUITests;
			productReference = 1833C1272934F3BC00207CE5 /* BayrakQuizAppUITests.xctest */;
			productType = "com.apple.product-type.bundle.ui-testing";
		};
/* End PBXNativeTarget section */

/* Begin PBXProject section */
		1833C0FF2934F3BB00207CE5 /* Project object */ = {
			isa = PBXProject;
			attributes = {
				BuildIndependentTargetsInParallel = 1;
				LastSwiftUpdateCheck = 1410;
				LastUpgradeCheck = 1410;
				TargetAttributes = {
					1833C1062934F3BB00207CE5 = {
						CreatedOnToolsVersion = 14.1;
						LastSwiftMigration = 1410;
					};
					1833C11C2934F3BC00207CE5 = {
						CreatedOnToolsVersion = 14.1;
						TestTargetID = 1833C1062934F3BB00207CE5;
					};
					1833C1262934F3BC00207CE5 = {
						CreatedOnToolsVersion = 14.1;
						TestTargetID = 1833C1062934F3BB00207CE5;
					};
				};
			};
			buildConfigurationList = 1833C1022934F3BB00207CE5 /* Build configuration list for PBXProject "BayrakQuizApp" */;
			compatibilityVersion = "Xcode 14.0";
			developmentRegion = en;
			hasScannedForEncodings = 0;
			knownRegions = (
				en,
				Base,
			);
			mainGroup = 1833C0FE2934F3BB00207CE5;
			productRefGroup = 1833C1082934F3BB00207CE5 /* Products */;
			projectDirPath = "";
			projectRoot = "";
			targets = (
				1833C1062934F3BB00207CE5 /* BayrakQuizApp */,
				1833C11C2934F3BC00207CE5 /* BayrakQuizAppTests */,
				1833C1262934F3BC00207CE5 /* BayrakQuizAppUITests */,
			);
		};
/* End PBXProject section */

/* Begin PBXResourcesBuildPhase section */
		1833C1052934F3BB00207CE5 /* Resources */ = {
			isa = PBXResourcesBuildPhase;
			buildActionMask = 2147483647;
			files = (
				1833C15829351EC400207CE5 /* bayrakquiz.sqlite in Resources */,
				1833C1172934F3BC00207CE5 /* LaunchScreen.storyboard in Resources */,
				1833C1142934F3BC00207CE5 /* Assets.xcassets in Resources */,
				1833C1122934F3BB00207CE5 /* Main.storyboard in Resources */,
			);
			runOnlyForDeploymentPostprocessing = 0;
		};
		1833C11B2934F3BC00207CE5 /* Resources */ = {
			isa = PBXResourcesBuildPhase;
			buildActionMask = 2147483647;
			files = (
			);
			runOnlyForDeploymentPostprocessing = 0;
		};
		1833C1252934F3BC00207CE5 /* Resources */ = {
			isa = PBXResourcesBuildPhase;
			buildActionMask = 2147483647;
			files = (
			);
			runOnlyForDeploymentPostprocessing = 0;
		};
/* End PBXResourcesBuildPhase section */

/* Begin PBXSourcesBuildPhase section */
		1833C1032934F3BB00207CE5 /* Sources */ = {
			isa = PBXSourcesBuildPhase;
			buildActionMask = 2147483647;
			files = (
				1833C10F2934F3BB00207CE5 /* ViewController.swift in Sources */,
				1833C14E2935055A00207CE5 /* FMDatabaseQueue.m in Sources */,
				1833C14C2935055A00207CE5 /* FMDatabasePool.m in Sources */,
				1833C1502935055A00207CE5 /* FMDatabase.m in Sources */,
				1833C1562935073000207CE5 /* Bayrakdao.swift in Sources */,
				1833C10B2934F3BB00207CE5 /* AppDelegate.swift in Sources */,
				1833C10D2934F3BB00207CE5 /* SceneDelegate.swift in Sources */,
				1833C13D2934F72500207CE5 /* SonucViewController.swift in Sources */,
				1833C1542935064600207CE5 /* Bayrak.swift in Sources */,
				1833C14F2935055A00207CE5 /* FMResultSet.m in Sources */,
				1833C14D2935055A00207CE5 /* FMDatabaseAdditions.m in Sources */,
				1833C13B2934F71300207CE5 /* QuizViewController.swift in Sources */,
			);
			runOnlyForDeploymentPostprocessing = 0;
		};
		1833C1192934F3BC00207CE5 /* Sources */ = {
			isa = PBXSourcesBuildPhase;
			buildActionMask = 2147483647;
			files = (
				1833C1222934F3BC00207CE5 /* BayrakQuizAppTests.swift in Sources */,
			);
			runOnlyForDeploymentPostprocessing = 0;
		};
		1833C1232934F3BC00207CE5 /* Sources */ = {
			isa = PBXSourcesBuildPhase;
			buildActionMask = 2147483647;
			files = (
				1833C12C2934F3BC00207CE5 /* BayrakQuizAppUITests.swift in Sources */,
				1833C12E2934F3BC00207CE5 /* BayrakQuizAppUITestsLaunchTests.swift in Sources */,
			);
			runOnlyForDeploymentPostprocessing = 0;
		};
/* End PBXSourcesBuildPhase section */

/* Begin PBXTargetDependency section */
		1833C11F2934F3BC00207CE5 /* PBXTargetDependency */ = {
			isa = PBXTargetDependency;
			target = 1833C1062934F3BB00207CE5 /* BayrakQuizApp */;
			targetProxy = 1833C11E2934F3BC00207CE5 /* PBXContainerItemProxy */;
		};
		1833C1292934F3BC00207CE5 /* PBXTargetDependency */ = {
			isa = PBXTargetDependency;
			target = 1833C1062934F3BB00207CE5 /* BayrakQuizApp */;
			targetProxy = 1833C1282934F3BC00207CE5 /* PBXContainerItemProxy */;
		};
/* End PBXTargetDependency section */

/* Begin PBXVariantGroup section */
		1833C1102934F3BB00207CE5 /* Main.storyboard */ = {
			isa = PBXVariantGroup;
			children = (
				1833C1112934F3BB00207CE5 /* Base */,
			);
			name = Main.storyboard;
			sourceTree = "<group>";
		};
		1833C1152934F3BC00207CE5 /* LaunchScreen.storyboard */ = {
			isa = PBXVariantGroup;
			children = (
				1833C1162934F3BC00207CE5 /* Base */,
			);
			name = LaunchScreen.storyboard;
			sourceTree = "<group>";
		};
/* End PBXVariantGroup section */

/* Begin XCBuildConfiguration section */
		1833C12F2934F3BC00207CE5 /* Debug */ = {
			isa = XCBuildConfiguration;
			buildSettings = {
				ALWAYS_SEARCH_USER_PATHS = NO;
				CLANG_ANALYZER_NONNULL = YES;
				CLANG_ANALYZER_NUMBER_OBJECT_CONVERSION = YES_AGGRESSIVE;
				CLANG_CXX_LANGUAGE_STANDARD = "gnu++20";
				CLANG_ENABLE_MODULES = YES;
				CLANG_ENABLE_OBJC_ARC = YES;
				CLANG_ENABLE_OBJC_WEAK = YES;
				CLANG_WARN_BLOCK_CAPTURE_AUTORELEASING = YES;
				CLANG_WARN_BOOL_CONVERSION = YES;
				CLANG_WARN_COMMA = YES;
				CLANG_WARN_CONSTANT_CONVERSION = YES;
				CLANG_WARN_DEPRECATED_OBJC_IMPLEMENTATIONS = YES;
				CLANG_WARN_DIRECT_OBJC_ISA_USAGE = YES_ERROR;
				CLANG_WARN_DOCUMENTATION_COMMENTS = YES;
				CLANG_WARN_EMPTY_BODY = YES;
				CLANG_WARN_ENUM_CONVERSION = YES;
				CLANG_WARN_INFINITE_RECURSION = YES;
				CLANG_WARN_INT_CONVERSION = YES;
				CLANG_WARN_NON_LITERAL_NULL_CONVERSION = YES;
				CLANG_WARN_OBJC_IMPLICIT_RETAIN_SELF = YES;
				CLANG_WARN_OBJC_LITERAL_CONVERSION = YES;
				CLANG_WARN_OBJC_ROOT_CLASS = YES_ERROR;
				CLANG_WARN_QUOTED_INCLUDE_IN_FRAMEWORK_HEADER = YES;
				CLANG_WARN_RANGE_LOOP_ANALYSIS = YES;
				CLANG_WARN_STRICT_PROTOTYPES = YES;
				CLANG_WARN_SUSPICIOUS_MOVE = YES;
				CLANG_WARN_UNGUARDED_AVAILABILITY = YES_AGGRESSIVE;
				CLANG_WARN_UNREACHABLE_CODE = YES;
				CLANG_WARN__DUPLICATE_METHOD_MATCH = YES;
				COPY_PHASE_STRIP = NO;
				DEBUG_INFORMATION_FORMAT = dwarf;
				ENABLE_STRICT_OBJC_MSGSEND = YES;
				ENABLE_TESTABILITY = YES;
				GCC_C_LANGUAGE_STANDARD = gnu11;
				GCC_DYNAMIC_NO_PIC = NO;
				GCC_NO_COMMON_BLOCKS = YES;
				GCC_OPTIMIZATION_LEVEL = 0;
				GCC_PREPROCESSOR_DEFINITIONS = (
					"DEBUG=1",
					"$(inherited)",
				);
				GCC_WARN_64_TO_32_BIT_CONVERSION = YES;
				GCC_WARN_ABOUT_RETURN_TYPE = YES_ERROR;
				GCC_WARN_UNDECLARED_SELECTOR = YES;
				GCC_WARN_UNINITIALIZED_AUTOS = YES_AGGRESSIVE;
				GCC_WARN_UNUSED_FUNCTION = YES;
				GCC_WARN_UNUSED_VARIABLE = YES;
				IPHONEOS_DEPLOYMENT_TARGET = 16.1;
				MTL_ENABLE_DEBUG_INFO = INCLUDE_SOURCE;
				MTL_FAST_MATH = YES;
				ONLY_ACTIVE_ARCH = YES;
				SDKROOT = iphoneos;
				SWIFT_ACTIVE_COMPILATION_CONDITIONS = DEBUG;
				SWIFT_OPTIMIZATION_LEVEL = "-Onone";
			};
			name = Debug;
		};
		1833C1302934F3BC00207CE5 /* Release */ = {
			isa = XCBuildConfiguration;
			buildSettings = {
				ALWAYS_SEARCH_USER_PATHS = NO;
				CLANG_ANALYZER_NONNULL = YES;
				CLANG_ANALYZER_NUMBER_OBJECT_CONVERSION = YES_AGGRESSIVE;
				CLANG_CXX_LANGUAGE_STANDARD = "gnu++20";
				CLANG_ENABLE_MODULES = YES;
				CLANG_ENABLE_OBJC_ARC = YES;
				CLANG_ENABLE_OBJC_WEAK = YES;
				CLANG_WARN_BLOCK_CAPTURE_AUTORELEASING = YES;
				CLANG_WARN_BOOL_CONVERSION = YES;
				CLANG_WARN_COMMA = YES;
				CLANG_WARN_CONSTANT_CONVERSION = YES;
				CLANG_WARN_DEPRECATED_OBJC_IMPLEMENTATIONS = YES;
				CLANG_WARN_DIRECT_OBJC_ISA_USAGE = YES_ERROR;
				CLANG_WARN_DOCUMENTATION_COMMENTS = YES;
				CLANG_WARN_EMPTY_BODY = YES;
				CLANG_WARN_ENUM_CONVERSION = YES;
				CLANG_WARN_INFINITE_RECURSION = YES;
				CLANG_WARN_INT_CONVERSION = YES;
				CLANG_WARN_NON_LITERAL_NULL_CONVERSION = YES;
				CLANG_WARN_OBJC_IMPLICIT_RETAIN_SELF = YES;
				CLANG_WARN_OBJC_LITERAL_CONVERSION = YES;
				CLANG_WARN_OBJC_ROOT_CLASS = YES_ERROR;
				CLANG_WARN_QUOTED_INCLUDE_IN_FRAMEWORK_HEADER = YES;
				CLANG_WARN_RANGE_LOOP_ANALYSIS = YES;
				CLANG_WARN_STRICT_PROTOTYPES = YES;
				CLANG_WARN_SUSPICIOUS_MOVE = YES;
				CLANG_WARN_UNGUARDED_AVAILABILITY = YES_AGGRESSIVE;
				CLANG_WARN_UNREACHABLE_CODE = YES;
				CLANG_WARN__DUPLICATE_METHOD_MATCH = YES;
				COPY_PHASE_STRIP = NO;
				DEBUG_INFORMATION_FORMAT = "dwarf-with-dsym";
				ENABLE_NS_ASSERTIONS = NO;
				ENABLE_STRICT_OBJC_MSGSEND = YES;
				GCC_C_LANGUAGE_STANDARD = gnu11;
				GCC_NO_COMMON_BLOCKS = YES;
				GCC_WARN_64_TO_32_BIT_CONVERSION = YES;
				GCC_WARN_ABOUT_RETURN_TYPE = YES_ERROR;
				GCC_WARN_UNDECLARED_SELECTOR = YES;
				GCC_WARN_UNINITIALIZED_AUTOS = YES_AGGRESSIVE;
				GCC_WARN_UNUSED_FUNCTION = YES;
				GCC_WARN_UNUSED_VARIABLE = YES;
				IPHONEOS_DEPLOYMENT_TARGET = 16.1;
				MTL_ENABLE_DEBUG_INFO = NO;
				MTL_FAST_MATH = YES;
				SDKROOT = iphoneos;
				SWIFT_COMPILATION_MODE = wholemodule;
				SWIFT_OPTIMIZATION_LEVEL = "-O";
				VALIDATE_PRODUCT = YES;
			};
			name = Release;
		};
		1833C1322934F3BC00207CE5 /* Debug */ = {
			isa = XCBuildConfiguration;
			buildSettings = {
				ASSETCATALOG_COMPILER_APPICON_NAME = AppIcon;
				ASSETCATALOG_COMPILER_GLOBAL_ACCENT_COLOR_NAME = AccentColor;
				CLANG_ENABLE_MODULES = YES;
				CODE_SIGN_STYLE = Automatic;
				CURRENT_PROJECT_VERSION = 1;
				DEVELOPMENT_TEAM = 4N2C39FB2K;
				GENERATE_INFOPLIST_FILE = YES;
				INFOPLIST_FILE = BayrakQuizApp/Info.plist;
				INFOPLIST_KEY_UIApplicationSupportsIndirectInputEvents = YES;
				INFOPLIST_KEY_UILaunchStoryboardName = LaunchScreen;
				INFOPLIST_KEY_UIMainStoryboardFile = Main;
				INFOPLIST_KEY_UISupportedInterfaceOrientations_iPad = "UIInterfaceOrientationPortrait UIInterfaceOrientationPortraitUpsideDown UIInterfaceOrientationLandscapeLeft UIInterfaceOrientationLandscapeRight";
				INFOPLIST_KEY_UISupportedInterfaceOrientations_iPhone = "UIInterfaceOrientationPortrait UIInterfaceOrientationLandscapeLeft UIInterfaceOrientationLandscapeRight";
				LD_RUNPATH_SEARCH_PATHS = (
					"$(inherited)",
					"@executable_path/Frameworks",
				);
				MARKETING_VERSION = 1.0;
				PRODUCT_BUNDLE_IDENTIFIER = swift.BayrakQuizApp;
				PRODUCT_NAME = "$(TARGET_NAME)";
				SWIFT_EMIT_LOC_STRINGS = YES;
				SWIFT_OBJC_BRIDGING_HEADER = "BayrakQuizApp/BayrakQuizApp-Bridging-Header.h";
				SWIFT_OPTIMIZATION_LEVEL = "-Onone";
				SWIFT_VERSION = 5.0;
				TARGETED_DEVICE_FAMILY = "1,2";
			};
			name = Debug;
		};
		1833C1332934F3BC00207CE5 /* Release */ = {
			isa = XCBuildConfiguration;
			buildSettings = {
				ASSETCATALOG_COMPILER_APPICON_NAME = AppIcon;
				ASSETCATALOG_COMPILER_GLOBAL_ACCENT_COLOR_NAME = AccentColor;
				CLANG_ENABLE_MODULES = YES;
				CODE_SIGN_STYLE = Automatic;
				CURRENT_PROJECT_VERSION = 1;
				DEVELOPMENT_TEAM = 4N2C39FB2K;
				GENERATE_INFOPLIST_FILE = YES;
				INFOPLIST_FILE = BayrakQuizApp/Info.plist;
				INFOPLIST_KEY_UIApplicationSupportsIndirectInputEvents = YES;
				INFOPLIST_KEY_UILaunchStoryboardName = LaunchScreen;
				INFOPLIST_KEY_UIMainStoryboardFile = Main;
				INFOPLIST_KEY_UISupportedInterfaceOrientations_iPad = "UIInterfaceOrientationPortrait UIInterfaceOrientationPortraitUpsideDown UIInterfaceOrientationLandscapeLeft UIInterfaceOrientationLandscapeRight";
				INFOPLIST_KEY_UISupportedInterfaceOrientations_iPhone = "UIInterfaceOrientationPortrait UIInterfaceOrientationLandscapeLeft UIInterfaceOrientationLandscapeRight";
				LD_RUNPATH_SEARCH_PATHS = (
					"$(inherited)",
					"@executable_path/Frameworks",
				);
				MARKETING_VERSION = 1.0;
				PRODUCT_BUNDLE_IDENTIFIER = swift.BayrakQuizApp;
				PRODUCT_NAME = "$(TARGET_NAME)";
				SWIFT_EMIT_LOC_STRINGS = YES;
				SWIFT_OBJC_BRIDGING_HEADER = "BayrakQuizApp/BayrakQuizApp-Bridging-Header.h";
				SWIFT_VERSION = 5.0;
				TARGETED_DEVICE_FAMILY = "1,2";
			};
			name = Release;
		};
		1833C1352934F3BC00207CE5 /* Debug */ = {
			isa = XCBuildConfiguration;
			buildSettings = {
				ALWAYS_EMBED_SWIFT_STANDARD_LIBRARIES = YES;
				BUNDLE_LOADER = "$(TEST_HOST)";
				CODE_SIGN_STYLE = Automatic;
				CURRENT_PROJECT_VERSION = 1;
				DEVELOPMENT_TEAM = 4N2C39FB2K;
				GENERATE_INFOPLIST_FILE = YES;
				IPHONEOS_DEPLOYMENT_TARGET = 16.1;
				MARKETING_VERSION = 1.0;
				PRODUCT_BUNDLE_IDENTIFIER = swift.BayrakQuizAppTests;
				PRODUCT_NAME = "$(TARGET_NAME)";
				SWIFT_EMIT_LOC_STRINGS = NO;
				SWIFT_VERSION = 5.0;
				TARGETED_DEVICE_FAMILY = "1,2";
				TEST_HOST = "$(BUILT_PRODUCTS_DIR)/BayrakQuizApp.app/$(BUNDLE_EXECUTABLE_FOLDER_PATH)/BayrakQuizApp";
			};
			name = Debug;
		};
		1833C1362934F3BC00207CE5 /* Release */ = {
			isa = XCBuildConfiguration;
			buildSettings = {
				ALWAYS_EMBED_SWIFT_STANDARD_LIBRARIES = YES;
				BUNDLE_LOADER = "$(TEST_HOST)";
				CODE_SIGN_STYLE = Automatic;
				CURRENT_PROJECT_VERSION = 1;
				DEVELOPMENT_TEAM = 4N2C39FB2K;
				GENERATE_INFOPLIST_FILE = YES;
				IPHONEOS_DEPLOYMENT_TARGET = 16.1;
				MARKETING_VERSION = 1.0;
				PRODUCT_BUNDLE_IDENTIFIER = swift.BayrakQuizAppTests;
				PRODUCT_NAME = "$(TARGET_NAME)";
				SWIFT_EMIT_LOC_STRINGS = NO;
				SWIFT_VERSION = 5.0;
				TARGETED_DEVICE_FAMILY = "1,2";
				TEST_HOST = "$(BUILT_PRODUCTS_DIR)/BayrakQuizApp.app/$(BUNDLE_EXECUTABLE_FOLDER_PATH)/BayrakQuizApp";
			};
			name = Release;
		};
		1833C1382934F3BC00207CE5 /* Debug */ = {
			isa = XCBuildConfiguration;
			buildSettings = {
				ALWAYS_EMBED_SWIFT_STANDARD_LIBRARIES = YES;
				CODE_SIGN_STYLE = Automatic;
				CURRENT_PROJECT_VERSION = 1;
				DEVELOPMENT_TEAM = 4N2C39FB2K;
				GENERATE_INFOPLIST_FILE = YES;
				MARKETING_VERSION = 1.0;
				PRODUCT_BUNDLE_IDENTIFIER = swift.BayrakQuizAppUITests;
				PRODUCT_NAME = "$(TARGET_NAME)";
				SWIFT_EMIT_LOC_STRINGS = NO;
				SWIFT_VERSION = 5.0;
				TARGETED_DEVICE_FAMILY = "1,2";
				TEST_TARGET_NAME = BayrakQuizApp;
			};
			name = Debug;
		};
		1833C1392934F3BC00207CE5 /* Release */ = {
			isa = XCBuildConfiguration;
			buildSettings = {
				ALWAYS_EMBED_SWIFT_STANDARD_LIBRARIES = YES;
				CODE_SIGN_STYLE = Automatic;
				CURRENT_PROJECT_VERSION = 1;
				DEVELOPMENT_TEAM = 4N2C39FB2K;
				GENERATE_INFOPLIST_FILE = YES;
				MARKETING_VERSION = 1.0;
				PRODUCT_BUNDLE_IDENTIFIER = swift.BayrakQuizAppUITests;
				PRODUCT_NAME = "$(TARGET_NAME)";
				SWIFT_EMIT_LOC_STRINGS = NO;
				SWIFT_VERSION = 5.0;
				TARGETED_DEVICE_FAMILY = "1,2";
				TEST_TARGET_NAME = BayrakQuizApp;
			};
			name = Release;
		};
/* End XCBuildConfiguration section */

/* Begin XCConfigurationList section */
		1833C1022934F3BB00207CE5 /* Build configuration list for PBXProject "BayrakQuizApp" */ = {
			isa = XCConfigurationList;
			buildConfigurations = (
				1833C12F2934F3BC00207CE5 /* Debug */,
				1833C1302934F3BC00207CE5 /* Release */,
			);
			defaultConfigurationIsVisible = 0;
			defaultConfigurationName = Release;
		};
		1833C1312934F3BC00207CE5 /* Build configuration list for PBXNativeTarget "BayrakQuizApp" */ = {
			isa = XCConfigurationList;
			buildConfigurations = (
				1833C1322934F3BC00207CE5 /* Debug */,
				1833C1332934F3BC00207CE5 /* Release */,
			);
			defaultConfigurationIsVisible = 0;
			defaultConfigurationName = Release;
		};
		1833C1342934F3BC00207CE5 /* Build configuration list for PBXNativeTarget "BayrakQuizAppTests" */ = {
			isa = XCConfigurationList;
			buildConfigurations = (
				1833C1352934F3BC00207CE5 /* Debug */,
				1833C1362934F3BC00207CE5 /* Release */,
			);
			defaultConfigurationIsVisible = 0;
			defaultConfigurationName = Release;
		};
		1833C1372934F3BC00207CE5 /* Build configuration list for PBXNativeTarget "BayrakQuizAppUITests" */ = {
			isa = XCConfigurationList;
			buildConfigurations = (
				1833C1382934F3BC00207CE5 /* Debug */,
				1833C1392934F3BC00207CE5 /* Release */,
			);
			defaultConfigurationIsVisible = 0;
			defaultConfigurationName = Release;
		};
/* End XCConfigurationList section */
	};
	rootObject = 1833C0FF2934F3BB00207CE5 /* Project object */;
}
